// !$*UTF8*$!
{
	archiveVersion = 1;
	classes = {
	};
	objectVersion = 46;
	objects = {

/* Begin PBXBuildFile section */
		122BC7571F9B2A1100B14FBD /* main.m in Sources */ = {isa = PBXBuildFile; fileRef = 122BC7561F9B2A1100B14FBD /* main.m */; };
		122BC75A1F9B2A1100B14FBD /* AppDelegate.m in Sources */ = {isa = PBXBuildFile; fileRef = 122BC7591F9B2A1100B14FBD /* AppDelegate.m */; };
		122BC75D1F9B2A1100B14FBD /* ViewController.m in Sources */ = {isa = PBXBuildFile; fileRef = 122BC75C1F9B2A1100B14FBD /* ViewController.m */; };
		122BC7601F9B2A1100B14FBD /* Main.storyboard in Resources */ = {isa = PBXBuildFile; fileRef = 122BC75E1F9B2A1100B14FBD /* Main.storyboard */; };
		122BC7621F9B2A1100B14FBD /* Assets.xcassets in Resources */ = {isa = PBXBuildFile; fileRef = 122BC7611F9B2A1100B14FBD /* Assets.xcassets */; };
		122BC7651F9B2A1100B14FBD /* LaunchScreen.storyboard in Resources */ = {isa = PBXBuildFile; fileRef = 122BC7631F9B2A1100B14FBD /* LaunchScreen.storyboard */; };
		122BC7701F9B2A1100B14FBD /* StackBaseTests.m in Sources */ = {isa = PBXBuildFile; fileRef = 122BC76F1F9B2A1100B14FBD /* StackBaseTests.m */; };
		122BC77B1F9B2A1100B14FBD /* StackBaseUITests.m in Sources */ = {isa = PBXBuildFile; fileRef = 122BC77A1F9B2A1100B14FBD /* StackBaseUITests.m */; };
		122BC78C1F9B2ADA00B14FBD /* LICENSE in Resources */ = {isa = PBXBuildFile; fileRef = 122BC78A1F9B2ADA00B14FBD /* LICENSE */; };
		122BC78D1F9B2ADA00B14FBD /* README.md in Sources */ = {isa = PBXBuildFile; fileRef = 122BC78B1F9B2ADA00B14FBD /* README.md */; };
		122BC7911F9CD23400B14FBD /* StackBase.framework in Frameworks */ = {isa = PBXBuildFile; fileRef = 122BC7901F9CD23400B14FBD /* StackBase.framework */; };
/* End PBXBuildFile section */

/* Begin PBXContainerItemProxy section */
		122BC76C1F9B2A1100B14FBD /* PBXContainerItemProxy */ = {
			isa = PBXContainerItemProxy;
			containerPortal = 122BC74A1F9B2A1100B14FBD /* Project object */;
			proxyType = 1;
			remoteGlobalIDString = 122BC7511F9B2A1100B14FBD;
			remoteInfo = StackBase;
		};
		122BC7771F9B2A1100B14FBD /* PBXContainerItemProxy */ = {
			isa = PBXContainerItemProxy;
			containerPortal = 122BC74A1F9B2A1100B14FBD /* Project object */;
			proxyType = 1;
			remoteGlobalIDString = 122BC7511F9B2A1100B14FBD;
			remoteInfo = StackBase;
		};
/* End PBXContainerItemProxy section */

/* Begin PBXFileReference section */
		122BC7521F9B2A1100B14FBD /* StackBase.app */ = {isa = PBXFileReference; explicitFileType = wrapper.application; includeInIndex = 0; path = StackBase.app; sourceTree = BUILT_PRODUCTS_DIR; };
		122BC7561F9B2A1100B14FBD /* main.m */ = {isa = PBXFileReference; lastKnownFileType = sourcecode.c.objc; path = main.m; sourceTree = "<group>"; };
		122BC7581F9B2A1100B14FBD /* AppDelegate.h */ = {isa = PBXFileReference; lastKnownFileType = sourcecode.c.h; path = AppDelegate.h; sourceTree = "<group>"; };
		122BC7591F9B2A1100B14FBD /* AppDelegate.m */ = {isa = PBXFileReference; lastKnownFileType = sourcecode.c.objc; path = AppDelegate.m; sourceTree = "<group>"; };
		122BC75B1F9B2A1100B14FBD /* ViewController.h */ = {isa = PBXFileReference; lastKnownFileType = sourcecode.c.h; path = ViewController.h; sourceTree = "<group>"; };
		122BC75C1F9B2A1100B14FBD /* ViewController.m */ = {isa = PBXFileReference; lastKnownFileType = sourcecode.c.objc; path = ViewController.m; sourceTree = "<group>"; };
		122BC75F1F9B2A1100B14FBD /* Base */ = {isa = PBXFileReference; lastKnownFileType = file.storyboard; name = Base; path = Base.lproj/Main.storyboard; sourceTree = "<group>"; };
		122BC7611F9B2A1100B14FBD /* Assets.xcassets */ = {isa = PBXFileReference; lastKnownFileType = folder.assetcatalog; path = Assets.xcassets; sourceTree = "<group>"; };
		122BC7641F9B2A1100B14FBD /* Base */ = {isa = PBXFileReference; lastKnownFileType = file.storyboard; name = Base; path = Base.lproj/LaunchScreen.storyboard; sourceTree = "<group>"; };
		122BC7661F9B2A1100B14FBD /* Info.plist */ = {isa = PBXFileReference; lastKnownFileType = text.plist.xml; path = Info.plist; sourceTree = "<group>"; };
		122BC76B1F9B2A1100B14FBD /* StackBaseTests.xctest */ = {isa = PBXFileReference; explicitFileType = wrapper.cfbundle; includeInIndex = 0; path = StackBaseTests.xctest; sourceTree = BUILT_PRODUCTS_DIR; };
		122BC76F1F9B2A1100B14FBD /* StackBaseTests.m */ = {isa = PBXFileReference; lastKnownFileType = sourcecode.c.objc; path = StackBaseTests.m; sourceTree = "<group>"; };
		122BC7711F9B2A1100B14FBD /* Info.plist */ = {isa = PBXFileReference; lastKnownFileType = text.plist.xml; path = Info.plist; sourceTree = "<group>"; };
		122BC7761F9B2A1100B14FBD /* StackBaseUITests.xctest */ = {isa = PBXFileReference; explicitFileType = wrapper.cfbundle; includeInIndex = 0; path = StackBaseUITests.xctest; sourceTree = BUILT_PRODUCTS_DIR; };
		122BC77A1F9B2A1100B14FBD /* StackBaseUITests.m */ = {isa = PBXFileReference; lastKnownFileType = sourcecode.c.objc; path = StackBaseUITests.m; sourceTree = "<group>"; };
		122BC77C1F9B2A1100B14FBD /* Info.plist */ = {isa = PBXFileReference; lastKnownFileType = text.plist.xml; path = Info.plist; sourceTree = "<group>"; };
		122BC78A1F9B2ADA00B14FBD /* LICENSE */ = {isa = PBXFileReference; fileEncoding = 4; lastKnownFileType = text; path = LICENSE; sourceTree = "<group>"; };
		122BC78B1F9B2ADA00B14FBD /* README.md */ = {isa = PBXFileReference; fileEncoding = 4; lastKnownFileType = net.daringfireball.markdown; path = README.md; sourceTree = "<group>"; };
		122BC7901F9CD23400B14FBD /* StackBase.framework */ = {isa = PBXFileReference; lastKnownFileType = wrapper.framework; path = StackBase.framework; sourceTree = "<group>"; };
/* End PBXFileReference section */

/* Begin PBXFrameworksBuildPhase section */
		122BC74F1F9B2A1100B14FBD /* Frameworks */ = {
			isa = PBXFrameworksBuildPhase;
			buildActionMask = 2147483647;
			files = (
				122BC7911F9CD23400B14FBD /* StackBase.framework in Frameworks */,
			);
			runOnlyForDeploymentPostprocessing = 0;
		};
		122BC7681F9B2A1100B14FBD /* Frameworks */ = {
			isa = PBXFrameworksBuildPhase;
			buildActionMask = 2147483647;
			files = (
			);
			runOnlyForDeploymentPostprocessing = 0;
		};
		122BC7731F9B2A1100B14FBD /* Frameworks */ = {
			isa = PBXFrameworksBuildPhase;
			buildActionMask = 2147483647;
			files = (
			);
			runOnlyForDeploymentPostprocessing = 0;
		};
/* End PBXFrameworksBuildPhase section */

/* Begin PBXGroup section */
		122BC7491F9B2A1100B14FBD = {
			isa = PBXGroup;
			children = (
				122BC78A1F9B2ADA00B14FBD /* LICENSE */,
				122BC78B1F9B2ADA00B14FBD /* README.md */,
				122BC7541F9B2A1100B14FBD /* StackBase */,
				122BC76E1F9B2A1100B14FBD /* StackBaseTests */,
				122BC7791F9B2A1100B14FBD /* StackBaseUITests */,
				122BC7531F9B2A1100B14FBD /* Products */,
			);
			sourceTree = "<group>";
		};
		122BC7531F9B2A1100B14FBD /* Products */ = {
			isa = PBXGroup;
			children = (
				122BC7521F9B2A1100B14FBD /* StackBase.app */,
				122BC76B1F9B2A1100B14FBD /* StackBaseTests.xctest */,
				122BC7761F9B2A1100B14FBD /* StackBaseUITests.xctest */,
			);
			name = Products;
			sourceTree = "<group>";
		};
		122BC7541F9B2A1100B14FBD /* StackBase */ = {
			isa = PBXGroup;
			children = (
				122BC7581F9B2A1100B14FBD /* AppDelegate.h */,
				122BC7591F9B2A1100B14FBD /* AppDelegate.m */,
				122BC75B1F9B2A1100B14FBD /* ViewController.h */,
				122BC75C1F9B2A1100B14FBD /* ViewController.m */,
				122BC75E1F9B2A1100B14FBD /* Main.storyboard */,
				122BC7611F9B2A1100B14FBD /* Assets.xcassets */,
				122BC7631F9B2A1100B14FBD /* LaunchScreen.storyboard */,
				122BC7661F9B2A1100B14FBD /* Info.plist */,
				122BC7551F9B2A1100B14FBD /* Supporting Files */,
			);
			path = StackBase;
			sourceTree = "<group>";
		};
		122BC7551F9B2A1100B14FBD /* Supporting Files */ = {
			isa = PBXGroup;
			children = (
				122BC7901F9CD23400B14FBD /* StackBase.framework */,
				122BC7561F9B2A1100B14FBD /* main.m */,
			);
			name = "Supporting Files";
			sourceTree = "<group>";
		};
		122BC76E1F9B2A1100B14FBD /* StackBaseTests */ = {
			isa = PBXGroup;
			children = (
				122BC76F1F9B2A1100B14FBD /* StackBaseTests.m */,
				122BC7711F9B2A1100B14FBD /* Info.plist */,
			);
			path = StackBaseTests;
			sourceTree = "<group>";
		};
		122BC7791F9B2A1100B14FBD /* StackBaseUITests */ = {
			isa = PBXGroup;
			children = (
				122BC77A1F9B2A1100B14FBD /* StackBaseUITests.m */,
				122BC77C1F9B2A1100B14FBD /* Info.plist */,
			);
			path = StackBaseUITests;
			sourceTree = "<group>";
		};
/* End PBXGroup section */

/* Begin PBXNativeTarget section */
		122BC7511F9B2A1100B14FBD /* StackBase */ = {
			isa = PBXNativeTarget;
			buildConfigurationList = 122BC77F1F9B2A1100B14FBD /* Build configuration list for PBXNativeTarget "StackBase" */;
			buildPhases = (
				122BC74E1F9B2A1100B14FBD /* Sources */,
				122BC74F1F9B2A1100B14FBD /* Frameworks */,
				122BC7501F9B2A1100B14FBD /* Resources */,
			);
			buildRules = (
			);
			dependencies = (
			);
			name = StackBase;
			productName = StackBase;
			productReference = 122BC7521F9B2A1100B14FBD /* StackBase.app */;
			productType = "com.apple.product-type.application";
		};
		122BC76A1F9B2A1100B14FBD /* StackBaseTests */ = {
			isa = PBXNativeTarget;
			buildConfigurationList = 122BC7821F9B2A1100B14FBD /* Build configuration list for PBXNativeTarget "StackBaseTests" */;
			buildPhases = (
				122BC7671F9B2A1100B14FBD /* Sources */,
				122BC7681F9B2A1100B14FBD /* Frameworks */,
				122BC7691F9B2A1100B14FBD /* Resources */,
			);
			buildRules = (
			);
			dependencies = (
				122BC76D1F9B2A1100B14FBD /* PBXTargetDependency */,
			);
			name = StackBaseTests;
			productName = StackBaseTests;
			productReference = 122BC76B1F9B2A1100B14FBD /* StackBaseTests.xctest */;
			productType = "com.apple.product-type.bundle.unit-test";
		};
		122BC7751F9B2A1100B14FBD /* StackBaseUITests */ = {
			isa = PBXNativeTarget;
			buildConfigurationList = 122BC7851F9B2A1100B14FBD /* Build configuration list for PBXNativeTarget "StackBaseUITests" */;
			buildPhases = (
				122BC7721F9B2A1100B14FBD /* Sources */,
				122BC7731F9B2A1100B14FBD /* Frameworks */,
				122BC7741F9B2A1100B14FBD /* Resources */,
			);
			buildRules = (
			);
			dependencies = (
				122BC7781F9B2A1100B14FBD /* PBXTargetDependency */,
			);
			name = StackBaseUITests;
			productName = StackBaseUITests;
			productReference = 122BC7761F9B2A1100B14FBD /* StackBaseUITests.xctest */;
			productType = "com.apple.product-type.bundle.ui-testing";
		};
/* End PBXNativeTarget section */

/* Begin PBXProject section */
		122BC74A1F9B2A1100B14FBD /* Project object */ = {
			isa = PBXProject;
			attributes = {
				LastUpgradeCheck = 0830;
				ORGANIZATIONNAME = "Chris Cushman";
				TargetAttributes = {
					122BC7511F9B2A1100B14FBD = {
						CreatedOnToolsVersion = 8.3.3;
						ProvisioningStyle = Automatic;
					};
					122BC76A1F9B2A1100B14FBD = {
						CreatedOnToolsVersion = 8.3.3;
						ProvisioningStyle = Automatic;
						TestTargetID = 122BC7511F9B2A1100B14FBD;
					};
					122BC7751F9B2A1100B14FBD = {
						CreatedOnToolsVersion = 8.3.3;
						ProvisioningStyle = Automatic;
						TestTargetID = 122BC7511F9B2A1100B14FBD;
					};
				};
			};
			buildConfigurationList = 122BC74D1F9B2A1100B14FBD /* Build configuration list for PBXProject "StackBase" */;
			compatibilityVersion = "Xcode 3.2";
			developmentRegion = English;
			hasScannedForEncodings = 0;
			knownRegions = (
				en,
				Base,
			);
			mainGroup = 122BC7491F9B2A1100B14FBD;
			productRefGroup = 122BC7531F9B2A1100B14FBD /* Products */;
			projectDirPath = "";
			projectRoot = "";
			targets = (
				122BC7511F9B2A1100B14FBD /* StackBase */,
				122BC76A1F9B2A1100B14FBD /* StackBaseTests */,
				122BC7751F9B2A1100B14FBD /* StackBaseUITests */,
			);
		};
/* End PBXProject section */

/* Begin PBXResourcesBuildPhase section */
		122BC7501F9B2A1100B14FBD /* Resources */ = {
			isa = PBXResourcesBuildPhase;
			buildActionMask = 2147483647;
			files = (
				122BC7651F9B2A1100B14FBD /* LaunchScreen.storyboard in Resources */,
				122BC7621F9B2A1100B14FBD /* Assets.xcassets in Resources */,
				122BC78C1F9B2ADA00B14FBD /* LICENSE in Resources */,
				122BC7601F9B2A1100B14FBD /* Main.storyboard in Resources */,
			);
			runOnlyForDeploymentPostprocessing = 0;
		};
		122BC7691F9B2A1100B14FBD /* Resources */ = {
			isa = PBXResourcesBuildPhase;
			buildActionMask = 2147483647;
			files = (
			);
			runOnlyForDeploymentPostprocessing = 0;
		};
		122BC7741F9B2A1100B14FBD /* Resources */ = {
			isa = PBXResourcesBuildPhase;
			buildActionMask = 2147483647;
			files = (
			);
			runOnlyForDeploymentPostprocessing = 0;
		};
/* End PBXResourcesBuildPhase section */

/* Begin PBXSourcesBuildPhase section */
		122BC74E1F9B2A1100B14FBD /* Sources */ = {
			isa = PBXSourcesBuildPhase;
			buildActionMask = 2147483647;
			files = (
				122BC75D1F9B2A1100B14FBD /* ViewController.m in Sources */,
				122BC75A1F9B2A1100B14FBD /* AppDelegate.m in Sources */,
				122BC78D1F9B2ADA00B14FBD /* README.md in Sources */,
				122BC7571F9B2A1100B14FBD /* main.m in Sources */,
			);
			runOnlyForDeploymentPostprocessing = 0;
		};
		122BC7671F9B2A1100B14FBD /* Sources */ = {
			isa = PBXSourcesBuildPhase;
			buildActionMask = 2147483647;
			files = (
				122BC7701F9B2A1100B14FBD /* StackBaseTests.m in Sources */,
			);
			runOnlyForDeploymentPostprocessing = 0;
		};
		122BC7721F9B2A1100B14FBD /* Sources */ = {
			isa = PBXSourcesBuildPhase;
			buildActionMask = 2147483647;
			files = (
				122BC77B1F9B2A1100B14FBD /* StackBaseUITests.m in Sources */,
			);
			runOnlyForDeploymentPostprocessing = 0;
		};
/* End PBXSourcesBuildPhase section */

/* Begin PBXTargetDependency section */
		122BC76D1F9B2A1100B14FBD /* PBXTargetDependency */ = {
			isa = PBXTargetDependency;
			target = 122BC7511F9B2A1100B14FBD /* StackBase */;
			targetProxy = 122BC76C1F9B2A1100B14FBD /* PBXContainerItemProxy */;
		};
		122BC7781F9B2A1100B14FBD /* PBXTargetDependency */ = {
			isa = PBXTargetDependency;
			target = 122BC7511F9B2A1100B14FBD /* StackBase */;
			targetProxy = 122BC7771F9B2A1100B14FBD /* PBXContainerItemProxy */;
		};
/* End PBXTargetDependency section */

/* Begin PBXVariantGroup section */
		122BC75E1F9B2A1100B14FBD /* Main.storyboard */ = {
			isa = PBXVariantGroup;
			children = (
				122BC75F1F9B2A1100B14FBD /* Base */,
			);
			name = Main.storyboard;
			sourceTree = "<group>";
		};
		122BC7631F9B2A1100B14FBD /* LaunchScreen.storyboard */ = {
			isa = PBXVariantGroup;
			children = (
				122BC7641F9B2A1100B14FBD /* Base */,
			);
			name = LaunchScreen.storyboard;
			sourceTree = "<group>";
		};
/* End PBXVariantGroup section */

/* Begin XCBuildConfiguration section */
		122BC77D1F9B2A1100B14FBD /* Debug */ = {
			isa = XCBuildConfiguration;
			buildSettings = {
				ALWAYS_SEARCH_USER_PATHS = NO;
				CLANG_ANALYZER_NONNULL = YES;
				CLANG_ANALYZER_NUMBER_OBJECT_CONVERSION = YES_AGGRESSIVE;
				CLANG_CXX_LANGUAGE_STANDARD = "gnu++0x";
				CLANG_CXX_LIBRARY = "libc++";
				CLANG_ENABLE_MODULES = YES;
				CLANG_ENABLE_OBJC_ARC = YES;
				CLANG_WARN_BOOL_CONVERSION = YES;
				CLANG_WARN_CONSTANT_CONVERSION = YES;
				CLANG_WARN_DIRECT_OBJC_ISA_USAGE = YES_ERROR;
				CLANG_WARN_DOCUMENTATION_COMMENTS = YES;
				CLANG_WARN_EMPTY_BODY = YES;
				CLANG_WARN_ENUM_CONVERSION = YES;
				CLANG_WARN_INFINITE_RECURSION = YES;
				CLANG_WARN_INT_CONVERSION = YES;
				CLANG_WARN_OBJC_ROOT_CLASS = YES_ERROR;
				CLANG_WARN_SUSPICIOUS_MOVE = YES;
				CLANG_WARN_UNREACHABLE_CODE = YES;
				CLANG_WARN__DUPLICATE_METHOD_MATCH = YES;
				"CODE_SIGN_IDENTITY[sdk=iphoneos*]" = "iPhone Developer";
				COPY_PHASE_STRIP = NO;
				DEBUG_INFORMATION_FORMAT = dwarf;
				ENABLE_STRICT_OBJC_MSGSEND = YES;
				ENABLE_TESTABILITY = YES;
				GCC_C_LANGUAGE_STANDARD = gnu99;
				GCC_DYNAMIC_NO_PIC = NO;
				GCC_NO_COMMON_BLOCKS = YES;
				GCC_OPTIMIZATION_LEVEL = 0;
				GCC_PREPROCESSOR_DEFINITIONS = (
					"DEBUG=1",
					"$(inherited)",
				);
				GCC_WARN_64_TO_32_BIT_CONVERSION = YES;
				GCC_WARN_ABOUT_RETURN_TYPE = YES_ERROR;
				GCC_WARN_UNDECLARED_SELECTOR = YES;
				GCC_WARN_UNINITIALIZED_AUTOS = YES_AGGRESSIVE;
				GCC_WARN_UNUSED_FUNCTION = YES;
				GCC_WARN_UNUSED_VARIABLE = YES;
				IPHONEOS_DEPLOYMENT_TARGET = 10.3;
				MTL_ENABLE_DEBUG_INFO = YES;
				ONLY_ACTIVE_ARCH = YES;
				SDKROOT = iphoneos;
				TARGETED_DEVICE_FAMILY = "1,2";
			};
			name = Debug;
		};
		122BC77E1F9B2A1100B14FBD /* Release */ = {
			isa = XCBuildConfiguration;
			buildSettings = {
				ALWAYS_SEARCH_USER_PATHS = NO;
				CLANG_ANALYZER_NONNULL = YES;
				CLANG_ANALYZER_NUMBER_OBJECT_CONVERSION = YES_AGGRESSIVE;
				CLANG_CXX_LANGUAGE_STANDARD = "gnu++0x";
				CLANG_CXX_LIBRARY = "libc++";
				CLANG_ENABLE_MODULES = YES;
				CLANG_ENABLE_OBJC_ARC = YES;
				CLANG_WARN_BOOL_CONVERSION = YES;
				CLANG_WARN_CONSTANT_CONVERSION = YES;
				CLANG_WARN_DIRECT_OBJC_ISA_USAGE = YES_ERROR;
				CLANG_WARN_DOCUMENTATION_COMMENTS = YES;
				CLANG_WARN_EMPTY_BODY = YES;
				CLANG_WARN_ENUM_CONVERSION = YES;
				CLANG_WARN_INFINITE_RECURSION = YES;
				CLANG_WARN_INT_CONVERSION = YES;
				CLANG_WARN_OBJC_ROOT_CLASS = YES_ERROR;
				CLANG_WARN_SUSPICIOUS_MOVE = YES;
				CLANG_WARN_UNREACHABLE_CODE = YES;
				CLANG_WARN__DUPLICATE_METHOD_MATCH = YES;
				"CODE_SIGN_IDENTITY[sdk=iphoneos*]" = "iPhone Developer";
				COPY_PHASE_STRIP = NO;
				DEBUG_INFORMATION_FORMAT = "dwarf-with-dsym";
				ENABLE_NS_ASSERTIONS = NO;
				ENABLE_STRICT_OBJC_MSGSEND = YES;
				GCC_C_LANGUAGE_STANDARD = gnu99;
				GCC_NO_COMMON_BLOCKS = YES;
				GCC_WARN_64_TO_32_BIT_CONVERSION = YES;
				GCC_WARN_ABOUT_RETURN_TYPE = YES_ERROR;
				GCC_WARN_UNDECLARED_SELECTOR = YES;
				GCC_WARN_UNINITIALIZED_AUTOS = YES_AGGRESSIVE;
				GCC_WARN_UNUSED_FUNCTION = YES;
				GCC_WARN_UNUSED_VARIABLE = YES;
				IPHONEOS_DEPLOYMENT_TARGET = 10.3;
				MTL_ENABLE_DEBUG_INFO = NO;
				SDKROOT = iphoneos;
				TARGETED_DEVICE_FAMILY = "1,2";
				VALIDATE_PRODUCT = YES;
			};
			name = Release;
		};
		122BC7801F9B2A1100B14FBD /* Debug */ = {
			isa = XCBuildConfiguration;
			buildSettings = {
				ASSETCATALOG_COMPILER_APPICON_NAME = AppIcon;
				FRAMEWORK_SEARCH_PATHS = (
					"$(inherited)",
					"$(PROJECT_DIR)/StackBase",
				);
				INFOPLIST_FILE = StackBase/Info.plist;
				LD_RUNPATH_SEARCH_PATHS = "$(inherited) @executable_path/Frameworks";
				PRODUCT_BUNDLE_IDENTIFIER = "Ubord-Inc.StackBase";
				PRODUCT_NAME = "$(TARGET_NAME)";
			};
			name = Debug;
		};
		122BC7811F9B2A1100B14FBD /* Release */ = {
			isa = XCBuildConfiguration;
			buildSettings = {
				ASSETCATALOG_COMPILER_APPICON_NAME = AppIcon;
				FRAMEWORK_SEARCH_PATHS = (
					"$(inherited)",
					"$(PROJECT_DIR)/StackBase",
				);
				INFOPLIST_FILE = StackBase/Info.plist;
				LD_RUNPATH_SEARCH_PATHS = "$(inherited) @executable_path/Frameworks";
				PRODUCT_BUNDLE_IDENTIFIER = "Ubord-Inc.StackBase";
				PRODUCT_NAME = "$(TARGET_NAME)";
			};
			name = Release;
		};
		122BC7831F9B2A1100B14FBD /* Debug */ = {
			isa = XCBuildConfiguration;
			buildSettings = {
				BUNDLE_LOADER = "$(TEST_HOST)";
				INFOPLIST_FILE = StackBaseTests/Info.plist;
				LD_RUNPATH_SEARCH_PATHS = "$(inherited) @executable_path/Frameworks @loader_path/Frameworks";
				PRODUCT_BUNDLE_IDENTIFIER = "Ubord-Inc.StackBaseTests";
				PRODUCT_NAME = "$(TARGET_NAME)";
				TEST_HOST = "$(BUILT_PRODUCTS_DIR)/StackBase.app/StackBase";
			};
			name = Debug;
		};
		122BC7841F9B2A1100B14FBD /* Release */ = {
			isa = XCBuildConfiguration;
			buildSettings = {
				BUNDLE_LOADER = "$(TEST_HOST)";
				INFOPLIST_FILE = StackBaseTests/Info.plist;
				LD_RUNPATH_SEARCH_PATHS = "$(inherited) @executable_path/Frameworks @loader_path/Frameworks";
				PRODUCT_BUNDLE_IDENTIFIER = "Ubord-Inc.StackBaseTests";
				PRODUCT_NAME = "$(TARGET_NAME)";
				TEST_HOST = "$(BUILT_PRODUCTS_DIR)/StackBase.app/StackBase";
			};
			name = Release;
		};
		122BC7861F9B2A1100B14FBD /* Debug */ = {
			isa = XCBuildConfiguration;
			buildSettings = {
				INFOPLIST_FILE = StackBaseUITests/Info.plist;
				LD_RUNPATH_SEARCH_PATHS = "$(inherited) @executable_path/Frameworks @loader_path/Frameworks";
				PRODUCT_BUNDLE_IDENTIFIER = "Ubord-Inc.StackBaseUITests";
				PRODUCT_NAME = "$(TARGET_NAME)";
				TEST_TARGET_NAME = StackBase;
			};
			name = Debug;
		};
		122BC7871F9B2A1100B14FBD /* Release */ = {
			isa = XCBuildConfiguration;
			buildSettings = {
				INFOPLIST_FILE = StackBaseUITests/Info.plist;
				LD_RUNPATH_SEARCH_PATHS = "$(inherited) @executable_path/Frameworks @loader_path/Frameworks";
				PRODUCT_BUNDLE_IDENTIFIER = "Ubord-Inc.StackBaseUITests";
				PRODUCT_NAME = "$(TARGET_NAME)";
				TEST_TARGET_NAME = StackBase;
			};
			name = Release;
		};
/* End XCBuildConfiguration section */

/* Begin XCConfigurationList section */
		122BC74D1F9B2A1100B14FBD /* Build configuration list for PBXProject "StackBase" */ = {
			isa = XCConfigurationList;
			buildConfigurations = (
				122BC77D1F9B2A1100B14FBD /* Debug */,
				122BC77E1F9B2A1100B14FBD /* Release */,
			);
			defaultConfigurationIsVisible = 0;
			defaultConfigurationName = Release;
		};
		122BC77F1F9B2A1100B14FBD /* Build configuration list for PBXNativeTarget "StackBase" */ = {
			isa = XCConfigurationList;
			buildConfigurations = (
				122BC7801F9B2A1100B14FBD /* Debug */,
				122BC7811F9B2A1100B14FBD /* Release */,
			);
			defaultConfigurationIsVisible = 0;
		};
		122BC7821F9B2A1100B14FBD /* Build configuration list for PBXNativeTarget "StackBaseTests" */ = {
			isa = XCConfigurationList;
			buildConfigurations = (
				122BC7831F9B2A1100B14FBD /* Debug */,
				122BC7841F9B2A1100B14FBD /* Release */,
			);
			defaultConfigurationIsVisible = 0;
		};
		122BC7851F9B2A1100B14FBD /* Build configuration list for PBXNativeTarget "StackBaseUITests" */ = {
			isa = XCConfigurationList;
			buildConfigurations = (
				122BC7861F9B2A1100B14FBD /* Debug */,
				122BC7871F9B2A1100B14FBD /* Release */,
			);
			defaultConfigurationIsVisible = 0;
		};
/* End XCConfigurationList section */
	};
	rootObject = 122BC74A1F9B2A1100B14FBD /* Project object */;
}
